
Microsoft Visual Studio Solution File, Format Version 11.00
# Visual Studio 2010 Express for Windows Phone
Project("{FAE04EC0-301F-11D3-BF4B-00C04F79EFBC}") = "LOLVideoShow", "LOLVideoShow\LOLVideoShow.csproj", "{7C12F86D-3999-41CD-ACF9-190FED787607}"
EndProject
Global
	GlobalSection(SolutionConfigurationPlatforms) = preSolution
		Debug|Any CPU = Debug|Any CPU
		Release|Any CPU = Release|Any CPU
	EndGlobalSection
	GlobalSection(ProjectConfigurationPlatforms) = postSolution
		{7C12F86D-3999-41CD-ACF9-190FED787607}.Debug|Any CPU.ActiveCfg = Debug|Any CPU
		{7C12F86D-3999-41CD-ACF9-190FED787607}.Debug|Any CPU.Build.0 = Debug|Any CPU
		{7C12F86D-3999-41CD-ACF9-190FED787607}.Debug|Any CPU.Deploy.0 = Debug|Any CPU
		{7C12F86D-3999-41CD-ACF9-190FED787607}.Release|Any CPU.ActiveCfg = Release|Any CPU
		{7C12F86D-3999-41CD-ACF9-190FED787607}.Release|Any CPU.Build.0 = Release|Any CPU
		{7C12F86D-3999-41CD-ACF9-190FED787607}.Release|Any CPU.Deploy.0 = Release|Any CPU
	EndGlobalSection
	GlobalSection(SolutionProperties) = preSolution
		HideSolutionNode = FALSE
	EndGlobalSection
EndGlobal
